
Microsoft Visual Studio Solution File, Format Version 12.00
# Visual Studio 15
VisualStudioVersion = 15.0.28307.168
MinimumVisualStudioVersion = 10.0.40219.1
Project("{FAE04EC0-301F-11D3-BF4B-00C04F79EFBC}") = "ConsoleApp1", "ConsoleApp1\ConsoleApp1.csproj", "{D5E937CD-9E63-465F-8DC5-DD68BBC579C4}"
EndProject
Global
	GlobalSection(SolutionConfigurationPlatforms) = preSolution
		Debug|Any CPU = Debug|Any CPU
		Release|Any CPU = Release|Any CPU
	EndGlobalSection
	GlobalSection(ProjectConfigurationPlatforms) = postSolution
		{D5E937CD-9E63-465F-8DC5-DD68BBC579C4}.Debug|Any CPU.ActiveCfg = Debug|Any CPU
		{D5E937CD-9E63-465F-8DC5-DD68BBC579C4}.Debug|Any CPU.Build.0 = Debug|Any CPU
		{D5E937CD-9E63-465F-8DC5-DD68BBC579C4}.Release|Any CPU.ActiveCfg = Release|Any CPU
		{D5E937CD-9E63-465F-8DC5-DD68BBC579C4}.Release|Any CPU.Build.0 = Release|Any CPU
	EndGlobalSection
	GlobalSection(SolutionProperties) = preSolution
		HideSolutionNode = FALSE
	EndGlobalSection
	GlobalSection(ExtensibilityGlobals) = postSolution
		SolutionGuid = {F2C0B6CB-3766-4A5C-91CA-1F46F7A7063C}
	EndGlobalSection
EndGlobal
